
Microsoft Visual Studio Solution File, Format Version 12.00
# Visual Studio Version 17
VisualStudioVersion = 17.0.31903.59
MinimumVisualStudioVersion = 10.0.40219.1
Project("{FAE04EC0-301F-11D3-BF4B-00C04F79EFBC}") = "Generator", "Generator\Generator.csproj", "{373D3B0F-E4AE-4C84-88FF-C2AB58C3D2AD}"
EndProject
Project("{2150E333-8FDC-42A3-9474-1A3956D46DE8}") = "v1", "v1", "{DC8B9A28-E7F2-88F8-0961-80D93A9053D5}"
EndProject
Project("{FAE04EC0-301F-11D3-BF4B-00C04F79EFBC}") = "SuperHot", "v1\SuperHot\SuperHot.csproj", "{792786E0-B864-40B7-9364-9FBA6D68860E}"
EndProject
Project("{2150E333-8FDC-42A3-9474-1A3956D46DE8}") = "v2", "v2", "{B1C3F598-12D5-290A-8365-D6D05CCC4339}"
EndProject
Project("{FAE04EC0-301F-11D3-BF4B-00C04F79EFBC}") = "SuperHot", "v2\SuperHot\SuperHot.csproj", "{5E906632-5492-44BE-A75E-0C551FADA93E}"
EndProject
Project("{2150E333-8FDC-42A3-9474-1A3956D46DE8}") = "all", "all", "{743B4759-3BE4-4F8D-800E-04EFAA2A5F6F}"
EndProject
Project("{FAE04EC0-301F-11D3-BF4B-00C04F79EFBC}") = "SuperHot.UnitTests", "v1\SuperHot.UnitTests\SuperHot.UnitTests.csproj", "{28969D77-40E2-4E55-A82E-51216F1DCD72}"
EndProject
Project("{FAE04EC0-301F-11D3-BF4B-00C04F79EFBC}") = "SuperHot.UnitTests", "v2\SuperHot.UnitTests\SuperHot.UnitTests.csproj", "{F4941083-9ACA-4AAD-A8ED-B5EB451BFF7C}"
EndProject
Global
	GlobalSection(SolutionConfigurationPlatforms) = preSolution
		Debug|Any CPU = Debug|Any CPU
		Debug|x64 = Debug|x64
		Debug|x86 = Debug|x86
		Release|Any CPU = Release|Any CPU
		Release|x64 = Release|x64
		Release|x86 = Release|x86
	EndGlobalSection
	GlobalSection(ProjectConfigurationPlatforms) = postSolution
		{373D3B0F-E4AE-4C84-88FF-C2AB58C3D2AD}.Debug|Any CPU.ActiveCfg = Debug|Any CPU
		{373D3B0F-E4AE-4C84-88FF-C2AB58C3D2AD}.Debug|Any CPU.Build.0 = Debug|Any CPU
		{373D3B0F-E4AE-4C84-88FF-C2AB58C3D2AD}.Debug|x64.ActiveCfg = Debug|Any CPU
		{373D3B0F-E4AE-4C84-88FF-C2AB58C3D2AD}.Debug|x64.Build.0 = Debug|Any CPU
		{373D3B0F-E4AE-4C84-88FF-C2AB58C3D2AD}.Debug|x86.ActiveCfg = Debug|Any CPU
		{373D3B0F-E4AE-4C84-88FF-C2AB58C3D2AD}.Debug|x86.Build.0 = Debug|Any CPU
		{373D3B0F-E4AE-4C84-88FF-C2AB58C3D2AD}.Release|Any CPU.ActiveCfg = Release|Any CPU
		{373D3B0F-E4AE-4C84-88FF-C2AB58C3D2AD}.Release|Any CPU.Build.0 = Release|Any CPU
		{373D3B0F-E4AE-4C84-88FF-C2AB58C3D2AD}.Release|x64.ActiveCfg = Release|Any CPU
		{373D3B0F-E4AE-4C84-88FF-C2AB58C3D2AD}.Release|x64.Build.0 = Release|Any CPU
		{373D3B0F-E4AE-4C84-88FF-C2AB58C3D2AD}.Release|x86.ActiveCfg = Release|Any CPU
		{373D3B0F-E4AE-4C84-88FF-C2AB58C3D2AD}.Release|x86.Build.0 = Release|Any CPU
		{792786E0-B864-40B7-9364-9FBA6D68860E}.Debug|Any CPU.ActiveCfg = Debug|Any CPU
		{792786E0-B864-40B7-9364-9FBA6D68860E}.Debug|Any CPU.Build.0 = Debug|Any CPU
		{792786E0-B864-40B7-9364-9FBA6D68860E}.Debug|x64.ActiveCfg = Debug|Any CPU
		{792786E0-B864-40B7-9364-9FBA6D68860E}.Debug|x64.Build.0 = Debug|Any CPU
		{792786E0-B864-40B7-9364-9FBA6D68860E}.Debug|x86.ActiveCfg = Debug|Any CPU
		{792786E0-B864-40B7-9364-9FBA6D68860E}.Debug|x86.Build.0 = Debug|Any CPU
		{792786E0-B864-40B7-9364-9FBA6D68860E}.Release|Any CPU.ActiveCfg = Release|Any CPU
		{792786E0-B864-40B7-9364-9FBA6D68860E}.Release|Any CPU.Build.0 = Release|Any CPU
		{792786E0-B864-40B7-9364-9FBA6D68860E}.Release|x64.ActiveCfg = Release|Any CPU
		{792786E0-B864-40B7-9364-9FBA6D68860E}.Release|x64.Build.0 = Release|Any CPU
		{792786E0-B864-40B7-9364-9FBA6D68860E}.Release|x86.ActiveCfg = Release|Any CPU
		{792786E0-B864-40B7-9364-9FBA6D68860E}.Release|x86.Build.0 = Release|Any CPU
		{5E906632-5492-44BE-A75E-0C551FADA93E}.Debug|Any CPU.ActiveCfg = Debug|Any CPU
		{5E906632-5492-44BE-A75E-0C551FADA93E}.Debug|Any CPU.Build.0 = Debug|Any CPU
		{5E906632-5492-44BE-A75E-0C551FADA93E}.Debug|x64.ActiveCfg = Debug|Any CPU
		{5E906632-5492-44BE-A75E-0C551FADA93E}.Debug|x64.Build.0 = Debug|Any CPU
		{5E906632-5492-44BE-A75E-0C551FADA93E}.Debug|x86.ActiveCfg = Debug|Any CPU
		{5E906632-5492-44BE-A75E-0C551FADA93E}.Debug|x86.Build.0 = Debug|Any CPU
		{5E906632-5492-44BE-A75E-0C551FADA93E}.Release|Any CPU.ActiveCfg = Release|Any CPU
		{5E906632-5492-44BE-A75E-0C551FADA93E}.Release|Any CPU.Build.0 = Release|Any CPU
		{5E906632-5492-44BE-A75E-0C551FADA93E}.Release|x64.ActiveCfg = Release|Any CPU
		{5E906632-5492-44BE-A75E-0C551FADA93E}.Release|x64.Build.0 = Release|Any CPU
		{5E906632-5492-44BE-A75E-0C551FADA93E}.Release|x86.ActiveCfg = Release|Any CPU
		{5E906632-5492-44BE-A75E-0C551FADA93E}.Release|x86.Build.0 = Release|Any CPU
		{28969D77-40E2-4E55-A82E-51216F1DCD72}.Debug|Any CPU.ActiveCfg = Debug|Any CPU
		{28969D77-40E2-4E55-A82E-51216F1DCD72}.Debug|Any CPU.Build.0 = Debug|Any CPU
		{28969D77-40E2-4E55-A82E-51216F1DCD72}.Debug|x64.ActiveCfg = Debug|Any CPU
		{28969D77-40E2-4E55-A82E-51216F1DCD72}.Debug|x64.Build.0 = Debug|Any CPU
		{28969D77-40E2-4E55-A82E-51216F1DCD72}.Debug|x86.ActiveCfg = Debug|Any CPU
		{28969D77-40E2-4E55-A82E-51216F1DCD72}.Debug|x86.Build.0 = Debug|Any CPU
		{28969D77-40E2-4E55-A82E-51216F1DCD72}.Release|Any CPU.ActiveCfg = Release|Any CPU
		{28969D77-40E2-4E55-A82E-51216F1DCD72}.Release|Any CPU.Build.0 = Release|Any CPU
		{28969D77-40E2-4E55-A82E-51216F1DCD72}.Release|x64.ActiveCfg = Release|Any CPU
		{28969D77-40E2-4E55-A82E-51216F1DCD72}.Release|x64.Build.0 = Release|Any CPU
		{28969D77-40E2-4E55-A82E-51216F1DCD72}.Release|x86.ActiveCfg = Release|Any CPU
		{28969D77-40E2-4E55-A82E-51216F1DCD72}.Release|x86.Build.0 = Release|Any CPU
		{F4941083-9ACA-4AAD-A8ED-B5EB451BFF7C}.Debug|Any CPU.ActiveCfg = Debug|Any CPU
		{F4941083-9ACA-4AAD-A8ED-B5EB451BFF7C}.Debug|Any CPU.Build.0 = Debug|Any CPU
		{F4941083-9ACA-4AAD-A8ED-B5EB451BFF7C}.Debug|x64.ActiveCfg = Debug|Any CPU
		{F4941083-9ACA-4AAD-A8ED-B5EB451BFF7C}.Debug|x64.Build.0 = Debug|Any CPU
		{F4941083-9ACA-4AAD-A8ED-B5EB451BFF7C}.Debug|x86.ActiveCfg = Debug|Any CPU
		{F4941083-9ACA-4AAD-A8ED-B5EB451BFF7C}.Debug|x86.Build.0 = Debug|Any CPU
		{F4941083-9ACA-4AAD-A8ED-B5EB451BFF7C}.Release|Any CPU.ActiveCfg = Release|Any CPU
		{F4941083-9ACA-4AAD-A8ED-B5EB451BFF7C}.Release|Any CPU.Build.0 = Release|Any CPU
		{F4941083-9ACA-4AAD-A8ED-B5EB451BFF7C}.Release|x64.ActiveCfg = Release|Any CPU
		{F4941083-9ACA-4AAD-A8ED-B5EB451BFF7C}.Release|x64.Build.0 = Release|Any CPU
		{F4941083-9ACA-4AAD-A8ED-B5EB451BFF7C}.Release|x86.ActiveCfg = Release|Any CPU
		{F4941083-9ACA-4AAD-A8ED-B5EB451BFF7C}.Release|x86.Build.0 = Release|Any CPU
	EndGlobalSection
	GlobalSection(SolutionProperties) = preSolution
		HideSolutionNode = FALSE
	EndGlobalSection
	GlobalSection(NestedProjects) = preSolution
		{373D3B0F-E4AE-4C84-88FF-C2AB58C3D2AD} = {743B4759-3BE4-4F8D-800E-04EFAA2A5F6F}
		{792786E0-B864-40B7-9364-9FBA6D68860E} = {DC8B9A28-E7F2-88F8-0961-80D93A9053D5}
		{5E906632-5492-44BE-A75E-0C551FADA93E} = {B1C3F598-12D5-290A-8365-D6D05CCC4339}
		{28969D77-40E2-4E55-A82E-51216F1DCD72} = {DC8B9A28-E7F2-88F8-0961-80D93A9053D5}
		{F4941083-9ACA-4AAD-A8ED-B5EB451BFF7C} = {B1C3F598-12D5-290A-8365-D6D05CCC4339}
	EndGlobalSection
EndGlobal
